
Microsoft Visual Studio Solution File, Format Version 12.00
# Visual Studio Version 17
VisualStudioVersion = 17.8.34408.163
MinimumVisualStudioVersion = 10.0.40219.1
Project("{FAE04EC0-301F-11D3-BF4B-00C04F79EFBC}") = "Problem3", "Problem3\Problem3.csproj", "{AFBC8B67-2797-4ED9-88A1-FFA5A38F312B}"
EndProject
Global
	GlobalSection(SolutionConfigurationPlatforms) = preSolution
		Debug|Any CPU = Debug|Any CPU
		Release|Any CPU = Release|Any CPU
	EndGlobalSection
	GlobalSection(ProjectConfigurationPlatforms) = postSolution
		{AFBC8B67-2797-4ED9-88A1-FFA5A38F312B}.Debug|Any CPU.ActiveCfg = Debug|Any CPU
		{AFBC8B67-2797-4ED9-88A1-FFA5A38F312B}.Debug|Any CPU.Build.0 = Debug|Any CPU
		{AFBC8B67-2797-4ED9-88A1-FFA5A38F312B}.Release|Any CPU.ActiveCfg = Release|Any CPU
		{AFBC8B67-2797-4ED9-88A1-FFA5A38F312B}.Release|Any CPU.Build.0 = Release|Any CPU
	EndGlobalSection
	GlobalSection(SolutionProperties) = preSolution
		HideSolutionNode = FALSE
	EndGlobalSection
	GlobalSection(ExtensibilityGlobals) = postSolution
		SolutionGuid = {D0ABD596-1459-43E3-A2F2-E55362D6EC02}
	EndGlobalSection
EndGlobal
